
Microsoft Visual Studio Solution File, Format Version 12.00
# Visual Studio 15
VisualStudioVersion = 15.0.28307.136
MinimumVisualStudioVersion = 10.0.40219.1
Project("{FAE04EC0-301F-11D3-BF4B-00C04F79EFBC}") = "Antivirus", "Antivirus\Antivirus.csproj", "{002267AD-E22E-437F-AA0E-D09E5A709982}"
EndProject
Global
	GlobalSection(SolutionConfigurationPlatforms) = preSolution
		Debug|Any CPU = Debug|Any CPU
		Release|Any CPU = Release|Any CPU
	EndGlobalSection
	GlobalSection(ProjectConfigurationPlatforms) = postSolution
		{002267AD-E22E-437F-AA0E-D09E5A709982}.Debug|Any CPU.ActiveCfg = Debug|Any CPU
		{002267AD-E22E-437F-AA0E-D09E5A709982}.Debug|Any CPU.Build.0 = Debug|Any CPU
		{002267AD-E22E-437F-AA0E-D09E5A709982}.Release|Any CPU.ActiveCfg = Release|Any CPU
		{002267AD-E22E-437F-AA0E-D09E5A709982}.Release|Any CPU.Build.0 = Release|Any CPU
	EndGlobalSection
	GlobalSection(SolutionProperties) = preSolution
		HideSolutionNode = FALSE
	EndGlobalSection
	GlobalSection(ExtensibilityGlobals) = postSolution
		SolutionGuid = {1C675CCD-1645-4E3A-9F23-C382E6162C00}
	EndGlobalSection
EndGlobal
